
Microsoft Visual Studio Solution File, Format Version 12.00
# Visual Studio Version 17
VisualStudioVersion = 17.0.32112.339
MinimumVisualStudioVersion = 10.0.40219.1
Project("{FAE04EC0-301F-11D3-BF4B-00C04F79EFBC}") = "Elixa Launcher v0.2", "Elixa Launcher v0.2\Elixa Launcher v0.2.csproj", "{EA626A62-EA2C-4BD5-AAAB-C73327AB67E1}"
EndProject
Global
	GlobalSection(SolutionConfigurationPlatforms) = preSolution
		Debug|Any CPU = Debug|Any CPU
		Release|Any CPU = Release|Any CPU
	EndGlobalSection
	GlobalSection(ProjectConfigurationPlatforms) = postSolution
		{EA626A62-EA2C-4BD5-AAAB-C73327AB67E1}.Debug|Any CPU.ActiveCfg = Debug|Any CPU
		{EA626A62-EA2C-4BD5-AAAB-C73327AB67E1}.Debug|Any CPU.Build.0 = Debug|Any CPU
		{EA626A62-EA2C-4BD5-AAAB-C73327AB67E1}.Release|Any CPU.ActiveCfg = Release|Any CPU
		{EA626A62-EA2C-4BD5-AAAB-C73327AB67E1}.Release|Any CPU.Build.0 = Release|Any CPU
	EndGlobalSection
	GlobalSection(SolutionProperties) = preSolution
		HideSolutionNode = FALSE
	EndGlobalSection
	GlobalSection(ExtensibilityGlobals) = postSolution
		SolutionGuid = {A2B51EEF-3AD8-477A-BF9A-4714B2F34D90}
	EndGlobalSection
EndGlobal
